
Microsoft Visual Studio Solution File, Format Version 12.00
# Visual Studio Version 16
VisualStudioVersion = 16.0.30011.22
MinimumVisualStudioVersion = 10.0.40219.1
Project("{FAE04EC0-301F-11D3-BF4B-00C04F79EFBC}") = "KK_QuickSave", "KK_QuickSave\KK_QuickSave.csproj", "{66263378-6323-4833-989A-421B27680BA5}"
EndProject
Global
	GlobalSection(SolutionConfigurationPlatforms) = preSolution
		Debug|Any CPU = Debug|Any CPU
		Release|Any CPU = Release|Any CPU
	EndGlobalSection
	GlobalSection(ProjectConfigurationPlatforms) = postSolution
		{66263378-6323-4833-989A-421B27680BA5}.Debug|Any CPU.ActiveCfg = Debug|Any CPU
		{66263378-6323-4833-989A-421B27680BA5}.Debug|Any CPU.Build.0 = Debug|Any CPU
		{66263378-6323-4833-989A-421B27680BA5}.Release|Any CPU.ActiveCfg = Release|Any CPU
		{66263378-6323-4833-989A-421B27680BA5}.Release|Any CPU.Build.0 = Release|Any CPU
	EndGlobalSection
	GlobalSection(SolutionProperties) = preSolution
		HideSolutionNode = FALSE
	EndGlobalSection
	GlobalSection(ExtensibilityGlobals) = postSolution
		SolutionGuid = {A0C813D0-A9D6-4AB9-842D-4CE18F49A07E}
	EndGlobalSection
EndGlobal
